{
  "version": "0.3.0",
  "modules": [
    "core",
    "adapter-claude",
    "adapter-codex"
  ],
  "files": {
    ".githooks/commit-msg": {
      "sha256": "f4ec97864e8eeceb392e54cbf9c4dcc92e8d8a3146dabc0a3016bead3d2ed2cb",
      "module": "core"
    },
    ".githooks/pre-commit": {
      "sha256": "e4eb7af4415202b1055e87014b678d22d496bdb22e88d7e2aa5c2fc3f8b4edec",
      "module": "core"
    },
    ".githooks/pre-push": {
      "sha256": "36a545b9f4a622c46a1be8797269d98754f9c5d0644e68ef715320b0d8b6f553",
      "module": "core"
    },
    "docs/adr/README.md": {
      "sha256": "70018e2d3729f11190ca839f2f2dee83fd12a073f0110cdec50604758fc2aac1",
      "module": "core"
    },
    "docs/ai-workflow/feature.md": {
      "sha256": "621ecc2032cec58ea5697affa92d7ae9545c979510c341076f877d7e0c0f0dd0",
      "module": "core"
    },
    "docs/ai-workflow/README.md": {
      "sha256": "a442557845f6fd79cddfdf54f585a170eeecee83fa8b9a23a281f798a4374142",
      "module": "core"
    },
    "docs/ai-workflow/routing.md": {
      "sha256": "9d23bc755c25be6e43868b10ea1ded8adf5d8f8d3f78ed992ef9ff7ead0bbf40",
      "module": "core"
    },
    "docs/ai-workflow/stages/00-legacy-analysis.md": {
      "sha256": "11ec730d0b8a5e2306b312625cc006ac49325d36f79d5a1382c9ec479d5d8cff",
      "module": "core"
    },
    "docs/ai-workflow/stages/01-business-analysis.md": {
      "sha256": "478ec3f39fbcef794ac8f0e1543c27701f687180f82d64122ff5121c486c049e",
      "module": "core"
    },
    "docs/ai-workflow/stages/02-requirements-review.md": {
      "sha256": "9934abbba4533233122fa94bce62c71ea84b90a0672d387da28bc9cd5c056acf",
      "module": "core"
    },
    "docs/ai-workflow/stages/03-ux-design.md": {
      "sha256": "3693c2272ba2c4d36b4a58ad425bc226e3b2d6db7f8e12e4ecf2d09ca4ed5893",
      "module": "core"
    },
    "docs/ai-workflow/stages/04-backend.md": {
      "sha256": "764d32ff5739acfebd923fd21c76d911f64f36f44837a38c3aeb4dfcaeb46081",
      "module": "core"
    },
    "docs/ai-workflow/stages/05-frontend.md": {
      "sha256": "438ddf7af2d114272bcd1e6c32170f05f8f6b28c5f64e92ba3a99cc4bc65268b",
      "module": "core"
    },
    "docs/ai-workflow/stages/06-review-complete.md": {
      "sha256": "f7cf60ec511b0ccf09cf183b658a6800915d6ffbf7b61662d8d90e7f2e7c1a91",
      "module": "core"
    },
    "docs/ai-workflow/stages/f-route.md": {
      "sha256": "329684438687c310e8cf80364bcd99ad2f67f447bc35592a034f91f53e9e5e53",
      "module": "core"
    },
    "docs/ai-workflow/stages/s-route.md": {
      "sha256": "16eee678d43ca4d8097361936cbe094cf7e6964192f739b547816ff87dd89e8c",
      "module": "core"
    },
    "docs/features/README.md": {
      "sha256": "415a683237af1dfc4773c5d16931ae638e1bc12fc4124ac4008eaaf0c09a5978",
      "module": "core"
    },
    "docs/templates/adr.md": {
      "sha256": "c6683298fc9988b5f4ccb5e903c56bf21ac4d44e8cea8b31a26c6afe95a76b75",
      "module": "core"
    },
    "docs/templates/design-spec.md": {
      "sha256": "cc42c8d9dc52f89d8312548ed1c07c50fd694b1f0bb942ef9d68bf17f7051eb1",
      "module": "core"
    },
    "docs/templates/feature-spec.md": {
      "sha256": "1bc9fc6bb671853f0c293b321b6bbfcd8c955a50de9e74d4de76a33f87997903",
      "module": "core"
    },
    "docs/templates/legacy-analysis.md": {
      "sha256": "a23e3d0d91864efea3cd26a8de71e92c097ea4064a1b0f17c42c805c78372ee1",
      "module": "core"
    },
    "docs/templates/test-plan.md": {
      "sha256": "06cf42591dea6c1191fac2138a32d1187edaa2f64ed907003a785db59871af68",
      "module": "core"
    },
    "scripts/backlog.ps1": {
      "sha256": "81704b29310cf62531cff885e15816fe9724bb5b116d62698bea8bea1678e4f2",
      "module": "core"
    },
    "scripts/backlog.sh": {
      "sha256": "0c0fb8ad8c80c5dfddc26af88b91806aa165d4c0ad03e51443ef036c74780163",
      "module": "core"
    },
    "scripts/invoke-sh.ps1": {
      "sha256": "7bf88c34f2c316f73a1b84b32c004667cd38bb3530b97672b2facd45b28b5742",
      "module": "core"
    },
    "scripts/new-task.ps1": {
      "sha256": "205be322ae486b94f0af9ac868a346736b4f13cc43359a1db88d7dd3dc8d07f0",
      "module": "core"
    },
    "scripts/new-task.sh": {
      "sha256": "05865e6bfe509f8e2f46b004420e3a3df8c97b137b0190550377c3da521da5bf",
      "module": "core"
    },
    "scripts/validate-ai-workflow.py": {
      "sha256": "f04a473fbcf111e22f50b901a6a3b2f82d68c207c652f5270067b741fb257a3a",
      "module": "core"
    },
    "scripts/verify.ps1": {
      "sha256": "91498eec5a500fc97a05471ef433757f110ce3a7ccd8be68322cb9dbd580ff87",
      "module": "core"
    },
    "scripts/verify.sh": {
      "sha256": "2a0490f55e5d2b4bd2ac341c7166acaed561d4cf193e2fdd467d588a0c2b508e",
      "module": "core"
    },
    ".claude/agents/backend-developer.md": {
      "sha256": "56102137252e60b12088176bdea56deb37a29052c0f5b5b1317756be4bf179aa",
      "module": "adapter-claude"
    },
    ".claude/agents/business-analyst.md": {
      "sha256": "df088f66ee6d029d9c76c4e023f76620926aa7e863adbecef938c87fdadf9666",
      "module": "adapter-claude"
    },
    ".claude/agents/code-reviewer.md": {
      "sha256": "89b5a0f962dadeba8ddc27cd18a33f92eb7ba9a2505707c392cd96397bec1fff",
      "module": "adapter-claude"
    },
    ".claude/agents/frontend-developer.md": {
      "sha256": "ede96d7ebed2f11a4dcb0f1404227aea5a6df56437db3dbdf78ee9aa824b0329",
      "module": "adapter-claude"
    },
    ".claude/agents/legacy-analyst.md": {
      "sha256": "b0b1edb9315071c4a3a22e1899a7a45f427a352657c69db3352daa240ee9f761",
      "module": "adapter-claude"
    },
    ".claude/agents/qa-engineer.md": {
      "sha256": "d1b017c0e2384c1ee0a966401b2a6933bf15cff862b0661ef48e8eef9ef9788d",
      "module": "adapter-claude"
    },
    ".claude/agents/requirements-reviewer.md": {
      "sha256": "c263d27019c8c23b4830860825411e85c88649299b20eb622fed703c57bc8bbb",
      "module": "adapter-claude"
    },
    ".claude/agents/ux-designer.md": {
      "sha256": "b245daa4f8e39ed446d868bde63031b73f0454c91180c09cd26fe3280d3fad18",
      "module": "adapter-claude"
    },
    ".claude/commands/analyze.md": {
      "sha256": "e7daa78284fc69f0b2321cd0abd966ed715e0852c7f876a91a3d2191f2264219",
      "module": "adapter-claude"
    },
    ".claude/commands/design.md": {
      "sha256": "86628813591b90bbdd5da51ef15c7d43eb07bd34427d2fa47db822586abdc3e5",
      "module": "adapter-claude"
    },
    ".claude/commands/dev-backend.md": {
      "sha256": "f6f9f07a30918b9335e498f23e6acb8fb706720ea836d2bbf05c292d30f51f8c",
      "module": "adapter-claude"
    },
    ".claude/commands/dev-frontend.md": {
      "sha256": "39baf27cfca7b47211dd8613aa271253f34cd475e4e0431ffe91bdb34a2ab715",
      "module": "adapter-claude"
    },
    ".claude/commands/feature.md": {
      "sha256": "c2b91a06b18c40f28457406281cf2775a84ce0dee6f13eb6b46bb710fdc20d9e",
      "module": "adapter-claude"
    },
    ".claude/commands/qa.md": {
      "sha256": "f4563854eec7e71eea7f25a346d8f96cc3c7a032a46a26dc555ed6f7400da2c4",
      "module": "adapter-claude"
    },
    ".claude/commands/review-requirements.md": {
      "sha256": "b3db99b56943436f0aa7d0079b0fa334197b597ca9cba7ae563cab2e494a75b6",
      "module": "adapter-claude"
    },
    ".claude/commands/ship.md": {
      "sha256": "4fc1e330fc6db3122bd6122418825c8ef7abec46ac1b1962fb9e41771acb155b",
      "module": "adapter-claude"
    },
    ".claude/hooks/block_wide_fs_search.py": {
      "sha256": "b25b21ae9002111170d9aa837cf6c24d847ac1056dd785350acbcd74c7346c06",
      "module": "adapter-claude"
    },
    ".claude/hooks/README.md": {
      "sha256": "2fc16cf4f349f61baad4036600de3364d64bac0ceb31c485a019cc7d3540fa51",
      "module": "adapter-claude"
    },
    ".claude/hooks/tests/cases.tsv": {
      "sha256": "23e65ba4e31833b7654e9271e2a96db42c49841c6b1705e63bbeb733fa6477c4",
      "module": "adapter-claude"
    },
    ".claude/hooks/tests/run_cases.py": {
      "sha256": "da185154b50efb20263408c2e55814655266a6f32ca23a6c22cded3cf2133d4b",
      "module": "adapter-claude"
    },
    ".claude/settings.json": {
      "sha256": "8b6750f719f231af1812dd4e2fa3ec8cf4233d5c31efdbda94cfaa272d9b7110",
      "module": "adapter-claude"
    },
    ".agents/skills/feature/SKILL.md": {
      "sha256": "939728c5fd4cf839f76648a82725716a9921a113833378a3231458ba04bbd21a",
      "module": "adapter-codex"
    },
    ".codex/agents/backend-developer.toml": {
      "sha256": "1b111427f974396fecc830ab3838fd5bea01a45a3c90b24ad85217a3a9762596",
      "module": "adapter-codex"
    },
    ".codex/agents/business-analyst.toml": {
      "sha256": "152ba2bbe6b2f462c62ef1a053d45cf1885669c720f964770d3a3ab8935405d2",
      "module": "adapter-codex"
    },
    ".codex/agents/code-reviewer.toml": {
      "sha256": "548d7a8d815d80535c99b0e423598517cf967f90b5d47d6567ecac270170b16e",
      "module": "adapter-codex"
    },
    ".codex/agents/frontend-developer.toml": {
      "sha256": "6d3e8f14faa322f14201a68fc5d28d593607e69f8d124a2ffd78cd8016a4baa8",
      "module": "adapter-codex"
    },
    ".codex/agents/legacy-analyst.toml": {
      "sha256": "3729a82686a82f18f1c03ea4a50b970791f26b40c46158aa025cd36f9c001d46",
      "module": "adapter-codex"
    },
    ".codex/agents/qa-engineer.toml": {
      "sha256": "ea949e4b96bcf2d08d8c1b9c819a193b6516812e6962f613a9e958ebc77eb9d4",
      "module": "adapter-codex"
    },
    ".codex/agents/requirements-reviewer.toml": {
      "sha256": "76037271c796c7c40c09c89139e59e305b4f48519230f3a61d9660137fe7d990",
      "module": "adapter-codex"
    },
    ".codex/agents/ux-designer.toml": {
      "sha256": "f6e19fe04278418bad6673080d713060ecf1b19e439d7e40b6b69edaab1e0f0c",
      "module": "adapter-codex"
    },
    ".codex/config.toml": {
      "sha256": "901880593b9b37edf53eb82f0e9fcf1d3e17d283081d17a8585b78981ba6c83e",
      "module": "adapter-codex"
    },
    ".codex/hooks/run-pre-tool-use.ps1": {
      "sha256": "b71be2888c7752365f336ffad3b5f4aeff0e3cda96352a44b11183d50bea0794",
      "module": "adapter-codex"
    },
    ".codex/hooks/tests/run-cases.ps1": {
      "sha256": "72b355a6ee61350ec78867b78b49690242c7db0ac848c20b2192baa8a1f92432",
      "module": "adapter-codex"
    },
    ".codex/hooks.json": {
      "sha256": "9604eca3b7bdec29c32df4eac009592b49acae41e5e0e75484237fa6cdda74db",
      "module": "adapter-codex"
    }
  },
  "seeds": [
    "AGENTS.md",
    "CLAUDE.md",
    "docs/backlog.md",
    "docs/conventions/backend.md",
    "docs/conventions/frontend.md",
    "docs/conventions/git.md",
    "scripts/verify.config.sh"
  ]
}
